
Microsoft Visual Studio Solution File, Format Version 12.00
# Visual Studio Version 17
VisualStudioVersion = 17.9.34728.123
MinimumVisualStudioVersion = 10.0.40219.1
Project("{FAE04EC0-301F-11D3-BF4B-00C04F79EFBC}") = "DentistCalendar", "DentistCalendar\DentistCalendar.csproj", "{A2FDA721-7E17-429E-9E9A-B97A29EEB853}"
EndProject
Global
	GlobalSection(SolutionConfigurationPlatforms) = preSolution
		Debug|Any CPU = Debug|Any CPU
		Release|Any CPU = Release|Any CPU
	EndGlobalSection
	GlobalSection(ProjectConfigurationPlatforms) = postSolution
		{A2FDA721-7E17-429E-9E9A-B97A29EEB853}.Debug|Any CPU.ActiveCfg = Debug|Any CPU
		{A2FDA721-7E17-429E-9E9A-B97A29EEB853}.Debug|Any CPU.Build.0 = Debug|Any CPU
		{A2FDA721-7E17-429E-9E9A-B97A29EEB853}.Release|Any CPU.ActiveCfg = Release|Any CPU
		{A2FDA721-7E17-429E-9E9A-B97A29EEB853}.Release|Any CPU.Build.0 = Release|Any CPU
	EndGlobalSection
	GlobalSection(SolutionProperties) = preSolution
		HideSolutionNode = FALSE
	EndGlobalSection
	GlobalSection(ExtensibilityGlobals) = postSolution
		SolutionGuid = {266ECCFE-1DE4-4410-851F-50B6BA0F781F}
	EndGlobalSection
EndGlobal
